lockVersion: 2.0.0
id: 53e6e641-e7b6-4f11-8e15-1d930a684b2b
management:
  docChecksum: 94a9004b4eb9d74143f6acdb06982dd9
  docVersion: 1.0.0
  speakeasyVersion: 1.611.0
  generationVersion: 2.694.1
  releaseVersion: 0.5.3
  configChecksum: 86f9fc17e898d37ca28f113762f1344a
  repoURL: https://github.com/speakeasy-sdks/openrouter-typescript-sdk.git
  installationURL: https://github.com/speakeasy-sdks/openrouter-typescript-sdk
features:
  typescript:
    acceptHeaders: 2.81.2
    additionalDependencies: 0.1.0
    constsAndDefaults: 0.1.12
    core: 3.21.22
    customCodeRegions: 0.1.0
    defaultEnabledRetries: 0.1.0
    devContainers: 2.90.0
    enumUnions: 0.1.0
    envVarSecurityUsage: 0.1.2
    globalSecurity: 2.82.13
    globalSecurityCallbacks: 0.1.0
    globalSecurityFlattening: 0.1.0
    globalServerURLs: 2.82.5
    groups: 2.81.2
    methodArguments: 0.1.2
    nameOverrides: 2.81.2
    nullables: 0.1.1
    responseFormat: 0.2.3
    retries: 2.83.0
    sdkHooks: 0.3.0
    serverEvents: 0.1.8
    serverEventsSentinels: 0.1.0
    unions: 2.85.11
generatedFiles:
  - .devcontainer/README.md
  - .devcontainer/devcontainer.json
  - .devcontainer/setup.sh
  - .gitattributes
  - .npmignore
  - FUNCTIONS.md
  - RUNTIMES.md
  - USAGE.md
  - docs/lib/utils/retryconfig.md
  - docs/models/annotationdetail.md
  - docs/models/audio.md
  - docs/models/chatcompletion.md
  - docs/models/chatcompletionassistantmessageparam.md
  - docs/models/chatcompletionassistantmessageparamcontent.md
  - docs/models/chatcompletionassistantmessageparamrole.md
  - docs/models/chatcompletionchoice.md
  - docs/models/chatcompletionchoicefinishreason.md
  - docs/models/chatcompletionchunk.md
  - docs/models/chatcompletionchunkchoice.md
  - docs/models/chatcompletionchunkchoicedelta.md
  - docs/models/chatcompletionchunkchoicedeltarole.md
  - docs/models/chatcompletionchunkchoicedeltatoolcall.md
  - docs/models/chatcompletionchunkchoicedeltatoolcallfunction.md
  - docs/models/chatcompletionchunkchoicedeltatoolcalltype.md
  - docs/models/chatcompletionchunkchoicefinishreason.md
  - docs/models/chatcompletionchunkobject.md
  - docs/models/chatcompletionchunkwrapper.md
  - docs/models/chatcompletioncontentpart.md
  - docs/models/chatcompletioncontentpartaudio.md
  - docs/models/chatcompletioncontentpartaudioformat.md
  - docs/models/chatcompletioncontentpartaudiotype.md
  - docs/models/chatcompletioncontentpartimage.md
  - docs/models/chatcompletioncontentpartimageimageurl.md
  - docs/models/chatcompletioncontentpartimagetype.md
  - docs/models/chatcompletioncontentparttext.md
  - docs/models/chatcompletioncontentparttexttype.md
  - docs/models/chatcompletioncreateparams.md
  - docs/models/chatcompletioncreateparamstypetext.md
  - docs/models/chatcompletionmessage.md
  - docs/models/chatcompletionmessageparam.md
  - docs/models/chatcompletionmessagerole.md
  - docs/models/chatcompletionmessagetoolcall.md
  - docs/models/chatcompletionmessagetoolcallfunction.md
  - docs/models/chatcompletionmessagetoolcalltype.md
  - docs/models/chatcompletionnamedtoolchoice.md
  - docs/models/chatcompletionnamedtoolchoicefunction.md
  - docs/models/chatcompletionnamedtoolchoicetype.md
  - docs/models/chatcompletionobject.md
  - docs/models/chatcompletionsystemmessageparam.md
  - docs/models/chatcompletionsystemmessageparamcontent.md
  - docs/models/chatcompletionsystemmessageparamrole.md
  - docs/models/chatcompletiontokenlogprob.md
  - docs/models/chatcompletiontokenlogprobs.md
  - docs/models/chatcompletiontool.md
  - docs/models/chatcompletiontoolchoiceoption.md
  - docs/models/chatcompletiontoolchoiceoptionauto.md
  - docs/models/chatcompletiontoolchoiceoptionnone.md
  - docs/models/chatcompletiontoolchoiceoptionrequired.md
  - docs/models/chatcompletiontoolfunction.md
  - docs/models/chatcompletiontoolmessageparam.md
  - docs/models/chatcompletiontoolmessageparamcontent.md
  - docs/models/chatcompletiontoolmessageparamrole.md
  - docs/models/chatcompletiontooltype.md
  - docs/models/chatcompletionusermessageparam.md
  - docs/models/chatcompletionusermessageparamcontent.md
  - docs/models/chatcompletionusermessageparamrole.md
  - docs/models/completion.md
  - docs/models/completiontokensdetails.md
  - docs/models/completionusage.md
  - docs/models/contentimageurl.md
  - docs/models/contenttext.md
  - docs/models/contenttypeimageurl.md
  - docs/models/contenttypetext.md
  - docs/models/datacollection.md
  - docs/models/detail.md
  - docs/models/effort.md
  - docs/models/engine.md
  - docs/models/errors/chatcompletionerror.md
  - docs/models/errort.md
  - docs/models/fileannotationdetail.md
  - docs/models/fileannotationdetailcontentunion.md
  - docs/models/fileannotationdetailimageurl.md
  - docs/models/filet.md
  - docs/models/idchainofthought.md
  - docs/models/idfileparser.md
  - docs/models/idmoderation.md
  - docs/models/idweb.md
  - docs/models/ignore.md
  - docs/models/ignoreenum.md
  - docs/models/image.md
  - docs/models/inputaudio.md
  - docs/models/jsonschema.md
  - docs/models/maxprice.md
  - docs/models/only.md
  - docs/models/onlyenum.md
  - docs/models/operations/createchatcompletionresponse.md
  - docs/models/order.md
  - docs/models/orderenum.md
  - docs/models/parameterst.md
  - docs/models/pdf.md
  - docs/models/pdfengine.md
  - docs/models/plugin.md
  - docs/models/pluginchainofthought.md
  - docs/models/pluginfileparser.md
  - docs/models/pluginmoderation.md
  - docs/models/pluginweb.md
  - docs/models/prompt.md
  - docs/models/prompttokensdetails.md
  - docs/models/provider.md
  - docs/models/quantization.md
  - docs/models/reasoning.md
  - docs/models/reasoningdetail.md
  - docs/models/reasoningdetailencrypted.md
  - docs/models/reasoningdetailencryptedformat.md
  - docs/models/reasoningdetailencryptedtype.md
  - docs/models/reasoningdetailsummary.md
  - docs/models/reasoningdetailsummaryformat.md
  - docs/models/reasoningdetailsummarytype.md
  - docs/models/reasoningdetailtext.md
  - docs/models/reasoningdetailtextformat.md
  - docs/models/reasoningdetailtexttype.md
  - docs/models/reasoningeffort.md
  - docs/models/requestt.md
  - docs/models/responseformat.md
  - docs/models/responseformatgrammar.md
  - docs/models/responseformatjsonobject.md
  - docs/models/responseformatjsonschema.md
  - docs/models/responseformatjsonschemaschema.md
  - docs/models/responseformatpython.md
  - docs/models/responseformattext.md
  - docs/models/security.md
  - docs/models/sort.md
  - docs/models/stop.md
  - docs/models/streamoptions.md
  - docs/models/toplogprob.md
  - docs/models/typefile.md
  - docs/models/typegrammar.md
  - docs/models/typejsonobject.md
  - docs/models/typejsonschema.md
  - docs/models/typepython.md
  - docs/models/urlcitation.md
  - docs/models/urlcitationannotationdetail.md
  - docs/models/urlcitationannotationdetailtype.md
  - docs/sdks/chat/README.md
  - docs/sdks/openrouter/README.md
  - eslint.config.mjs
  - examples/.env.template
  - examples/README.md
  - examples/package.json
  - jsr.json
  - package.json
  - src/core.ts
  - src/funcs/chatComplete.ts
  - src/hooks/hooks.ts
  - src/hooks/index.ts
  - src/hooks/types.ts
  - src/index.ts
  - src/lib/base64.ts
  - src/lib/config.ts
  - src/lib/dlv.ts
  - src/lib/encodings.ts
  - src/lib/env.ts
  - src/lib/event-streams.ts
  - src/lib/files.ts
  - src/lib/http.ts
  - src/lib/is-plain-object.ts
  - src/lib/logger.ts
  - src/lib/matchers.ts
  - src/lib/primitives.ts
  - src/lib/retries.ts
  - src/lib/schemas.ts
  - src/lib/sdks.ts
  - src/lib/security.ts
  - src/lib/url.ts
  - src/models/annotationdetail.ts
  - src/models/chatcompletion.ts
  - src/models/chatcompletionassistantmessageparam.ts
  - src/models/chatcompletionchoice.ts
  - src/models/chatcompletionchunk.ts
  - src/models/chatcompletionchunkchoice.ts
  - src/models/chatcompletionchunkchoicedelta.ts
  - src/models/chatcompletionchunkchoicedeltatoolcall.ts
  - src/models/chatcompletionchunkwrapper.ts
  - src/models/chatcompletioncontentpart.ts
  - src/models/chatcompletioncontentpartaudio.ts
  - src/models/chatcompletioncontentpartimage.ts
  - src/models/chatcompletioncontentparttext.ts
  - src/models/chatcompletioncreateparams.ts
  - src/models/chatcompletionerror.ts
  - src/models/chatcompletionmessage.ts
  - src/models/chatcompletionmessageparam.ts
  - src/models/chatcompletionmessagetoolcall.ts
  - src/models/chatcompletionnamedtoolchoice.ts
  - src/models/chatcompletionsystemmessageparam.ts
  - src/models/chatcompletiontokenlogprob.ts
  - src/models/chatcompletiontokenlogprobs.ts
  - src/models/chatcompletiontool.ts
  - src/models/chatcompletiontoolchoiceoption.ts
  - src/models/chatcompletiontoolmessageparam.ts
  - src/models/chatcompletionusermessageparam.ts
  - src/models/completionusage.ts
  - src/models/errors/chatcompletionerror.ts
  - src/models/errors/httpclienterrors.ts
  - src/models/errors/index.ts
  - src/models/errors/openrouterdefaulterror.ts
  - src/models/errors/openroutererror.ts
  - src/models/errors/responsevalidationerror.ts
  - src/models/errors/sdkvalidationerror.ts
  - src/models/fileannotationdetail.ts
  - src/models/index.ts
  - src/models/operations/createchatcompletion.ts
  - src/models/operations/index.ts
  - src/models/reasoningdetail.ts
  - src/models/reasoningdetailencrypted.ts
  - src/models/reasoningdetailsummary.ts
  - src/models/reasoningdetailtext.ts
  - src/models/responseformatjsonschemaschema.ts
  - src/models/security.ts
  - src/models/urlcitationannotationdetail.ts
  - src/sdk/chat.ts
  - src/sdk/index.ts
  - src/sdk/sdk.ts
  - src/types/async.ts
  - src/types/blobs.ts
  - src/types/constdatetime.ts
  - src/types/enums.ts
  - src/types/fp.ts
  - src/types/index.ts
  - src/types/operations.ts
  - src/types/rfcdate.ts
  - src/types/streams.ts
  - temp/example.ts
  - tsconfig.json
examples:
  createChatCompletion:
    speakeasy-default-create-chat-completion:
      requestBody:
        application/json: {"messages": [{"role": "user", "content": "Hello, how are you?"}], "stream": false, "temperature": 1, "top_p": 1}
      responses:
        "200":
          application/json: {"id": "<id>", "choices": [], "created": 6977.95, "model": "El Camino", "object": "chat.completion"}
        "400":
          application/json: {"error": {"code": "<value>", "message": "<value>", "param": "<value>", "type": "<value>"}}
        "500":
          application/json: {"error": {"code": "<value>", "message": "<value>", "param": "<value>", "type": "<value>"}}
    speakeasy-default-create-chat-completion-raw:
      requestBody:
        text/event-stream: "x-file: example.file"
      responses:
        "200":
          application/json: {"id": "<id>", "choices": [], "created": 6977.95, "model": "El Camino", "object": "chat.completion"}
        "400":
          application/json: {"error": {"code": "<value>", "message": "<value>", "param": "<value>", "type": "<value>"}}
        "500":
          application/json: {"error": {"code": "<value>", "message": "<value>", "param": "<value>", "type": "<value>"}}
  streamChatCompletion:
    speakeasy-default-stream-chat-completion:
      requestBody:
        application/json: {"messages": [{"role": "user", "content": "Hello, how are you?"}], "stream": true, "temperature": 1, "top_p": 1}
      responses:
        "400":
          application/json: {"error": {"code": "<value>", "message": "<value>", "param": "<value>", "type": "<value>"}}
        "500":
          application/json: {"error": {"code": "<value>", "message": "<value>", "param": "<value>", "type": "<value>"}}
examplesVersion: 1.0.2
