lockVersion: 2.0.0
id: 53e6e641-e7b6-4f11-8e15-1d930a684b2b
management:
  docChecksum: 6f798c05b20e0174a12ebf742dbb933c
  docVersion: 1.0.0
  speakeasyVersion: 1.606.0
  generationVersion: 2.686.7
  releaseVersion: 0.1.1
  configChecksum: 9c3652dad41b1fb64f97d2f21e79b66f
features:
  typescript:
    additionalDependencies: 0.1.0
    constsAndDefaults: 0.1.12
    core: 3.21.20
    defaultEnabledRetries: 0.1.0
    devContainers: 2.90.0
    enumUnions: 0.1.0
    envVarSecurityUsage: 0.1.2
    globalSecurity: 2.82.13
    globalSecurityCallbacks: 0.1.0
    globalSecurityFlattening: 0.1.0
    globalServerURLs: 2.82.5
    methodArguments: 0.1.2
    nullables: 0.1.1
    responseFormat: 0.2.3
    retries: 2.83.0
    sdkHooks: 0.3.0
    serverEvents: 0.1.8
    serverEventsSentinels: 0.1.0
    unions: 2.85.11
generatedFiles:
  - .devcontainer/README.md
  - .devcontainer/devcontainer.json
  - .devcontainer/setup.sh
  - .gitattributes
  - .npmignore
  - FUNCTIONS.md
  - RUNTIMES.md
  - USAGE.md
  - docs/lib/utils/retryconfig.md
  - docs/models/annotationdetail.md
  - docs/models/chatcompletion.md
  - docs/models/chatcompletionassistantmessageparam.md
  - docs/models/chatcompletionassistantmessageparamcontent.md
  - docs/models/chatcompletionassistantmessageparamrole.md
  - docs/models/chatcompletionchoice.md
  - docs/models/chatcompletionchoicefinishreason.md
  - docs/models/chatcompletionchunk.md
  - docs/models/chatcompletionchunkchoice.md
  - docs/models/chatcompletionchunkchoicedelta.md
  - docs/models/chatcompletionchunkchoicedeltarole.md
  - docs/models/chatcompletionchunkchoicedeltatoolcall.md
  - docs/models/chatcompletionchunkchoicedeltatoolcallfunction.md
  - docs/models/chatcompletionchunkchoicedeltatoolcalltype.md
  - docs/models/chatcompletionchunkchoicefinishreason.md
  - docs/models/chatcompletionchunkobject.md
  - docs/models/chatcompletioncontentpart.md
  - docs/models/chatcompletioncontentpartaudio.md
  - docs/models/chatcompletioncontentpartaudioformat.md
  - docs/models/chatcompletioncontentpartaudiotype.md
  - docs/models/chatcompletioncontentpartimage.md
  - docs/models/chatcompletioncontentpartimageimageurl.md
  - docs/models/chatcompletioncontentpartimagetype.md
  - docs/models/chatcompletioncontentparttext.md
  - docs/models/chatcompletioncontentparttexttype.md
  - docs/models/chatcompletioncreateparams.md
  - docs/models/chatcompletioncreateparamsaudio.md
  - docs/models/chatcompletioncreateparamscompletion.md
  - docs/models/chatcompletioncreateparamsdatacollection.md
  - docs/models/chatcompletioncreateparamseffort.md
  - docs/models/chatcompletioncreateparamsengine.md
  - docs/models/chatcompletioncreateparamsidchainofthought.md
  - docs/models/chatcompletioncreateparamsidfileparser.md
  - docs/models/chatcompletioncreateparamsidmoderation.md
  - docs/models/chatcompletioncreateparamsidweb.md
  - docs/models/chatcompletioncreateparamsignoreenum.md
  - docs/models/chatcompletioncreateparamsignoreunion.md
  - docs/models/chatcompletioncreateparamsimage.md
  - docs/models/chatcompletioncreateparamsjsonschema.md
  - docs/models/chatcompletioncreateparamsmaxprice.md
  - docs/models/chatcompletioncreateparamsonlyenum.md
  - docs/models/chatcompletioncreateparamsonlyunion.md
  - docs/models/chatcompletioncreateparamsorderenum.md
  - docs/models/chatcompletioncreateparamsorderunion.md
  - docs/models/chatcompletioncreateparamspdf.md
  - docs/models/chatcompletioncreateparamspdfengine.md
  - docs/models/chatcompletioncreateparamspluginchainofthought.md
  - docs/models/chatcompletioncreateparamspluginfileparser.md
  - docs/models/chatcompletioncreateparamspluginmoderation.md
  - docs/models/chatcompletioncreateparamspluginunion.md
  - docs/models/chatcompletioncreateparamspluginweb.md
  - docs/models/chatcompletioncreateparamsprompt.md
  - docs/models/chatcompletioncreateparamsprovider.md
  - docs/models/chatcompletioncreateparamsquantization.md
  - docs/models/chatcompletioncreateparamsreasoning.md
  - docs/models/chatcompletioncreateparamsreasoningeffort.md
  - docs/models/chatcompletioncreateparamsrequest.md
  - docs/models/chatcompletioncreateparamsresponseformatgrammar.md
  - docs/models/chatcompletioncreateparamsresponseformatjsonobject.md
  - docs/models/chatcompletioncreateparamsresponseformatjsonschema.md
  - docs/models/chatcompletioncreateparamsresponseformatpython.md
  - docs/models/chatcompletioncreateparamsresponseformattext.md
  - docs/models/chatcompletioncreateparamsresponseformatunion.md
  - docs/models/chatcompletioncreateparamssort.md
  - docs/models/chatcompletioncreateparamsstop.md
  - docs/models/chatcompletioncreateparamsstreamoptions.md
  - docs/models/chatcompletioncreateparamstypegrammar.md
  - docs/models/chatcompletioncreateparamstypejsonobject.md
  - docs/models/chatcompletioncreateparamstypejsonschema.md
  - docs/models/chatcompletioncreateparamstypepython.md
  - docs/models/chatcompletioncreateparamstypetext.md
  - docs/models/chatcompletionmessage.md
  - docs/models/chatcompletionmessageparam.md
  - docs/models/chatcompletionmessagerole.md
  - docs/models/chatcompletionmessagetoolcall.md
  - docs/models/chatcompletionmessagetoolcallfunction.md
  - docs/models/chatcompletionmessagetoolcalltype.md
  - docs/models/chatcompletionnamedtoolchoice.md
  - docs/models/chatcompletionnamedtoolchoicefunction.md
  - docs/models/chatcompletionnamedtoolchoicetype.md
  - docs/models/chatcompletionobject.md
  - docs/models/chatcompletionsystemmessageparam.md
  - docs/models/chatcompletionsystemmessageparamcontent.md
  - docs/models/chatcompletionsystemmessageparamrole.md
  - docs/models/chatcompletiontokenlogprob.md
  - docs/models/chatcompletiontokenlogprobs.md
  - docs/models/chatcompletiontool.md
  - docs/models/chatcompletiontoolchoiceoption.md
  - docs/models/chatcompletiontoolchoiceoptionauto.md
  - docs/models/chatcompletiontoolchoiceoptionnone.md
  - docs/models/chatcompletiontoolchoiceoptionrequired.md
  - docs/models/chatcompletiontoolfunction.md
  - docs/models/chatcompletiontoolmessageparam.md
  - docs/models/chatcompletiontoolmessageparamcontent.md
  - docs/models/chatcompletiontoolmessageparamrole.md
  - docs/models/chatcompletiontooltype.md
  - docs/models/chatcompletionusermessageparam.md
  - docs/models/chatcompletionusermessageparamcontent.md
  - docs/models/chatcompletionusermessageparamrole.md
  - docs/models/chatstreamcompletioncreateparams.md
  - docs/models/chatstreamcompletioncreateparamsaudio.md
  - docs/models/chatstreamcompletioncreateparamscompletion.md
  - docs/models/chatstreamcompletioncreateparamsdatacollection.md
  - docs/models/chatstreamcompletioncreateparamseffort.md
  - docs/models/chatstreamcompletioncreateparamsengine.md
  - docs/models/chatstreamcompletioncreateparamsidchainofthought.md
  - docs/models/chatstreamcompletioncreateparamsidfileparser.md
  - docs/models/chatstreamcompletioncreateparamsidmoderation.md
  - docs/models/chatstreamcompletioncreateparamsidweb.md
  - docs/models/chatstreamcompletioncreateparamsignoreenum.md
  - docs/models/chatstreamcompletioncreateparamsignoreunion.md
  - docs/models/chatstreamcompletioncreateparamsimage.md
  - docs/models/chatstreamcompletioncreateparamsjsonschema.md
  - docs/models/chatstreamcompletioncreateparamsmaxprice.md
  - docs/models/chatstreamcompletioncreateparamsonlyenum.md
  - docs/models/chatstreamcompletioncreateparamsonlyunion.md
  - docs/models/chatstreamcompletioncreateparamsorderenum.md
  - docs/models/chatstreamcompletioncreateparamsorderunion.md
  - docs/models/chatstreamcompletioncreateparamspdf.md
  - docs/models/chatstreamcompletioncreateparamspdfengine.md
  - docs/models/chatstreamcompletioncreateparamspluginchainofthought.md
  - docs/models/chatstreamcompletioncreateparamspluginfileparser.md
  - docs/models/chatstreamcompletioncreateparamspluginmoderation.md
  - docs/models/chatstreamcompletioncreateparamspluginunion.md
  - docs/models/chatstreamcompletioncreateparamspluginweb.md
  - docs/models/chatstreamcompletioncreateparamsprompt.md
  - docs/models/chatstreamcompletioncreateparamsprovider.md
  - docs/models/chatstreamcompletioncreateparamsquantization.md
  - docs/models/chatstreamcompletioncreateparamsreasoning.md
  - docs/models/chatstreamcompletioncreateparamsreasoningeffort.md
  - docs/models/chatstreamcompletioncreateparamsrequest.md
  - docs/models/chatstreamcompletioncreateparamsresponseformatgrammar.md
  - docs/models/chatstreamcompletioncreateparamsresponseformatjsonobject.md
  - docs/models/chatstreamcompletioncreateparamsresponseformatjsonschema.md
  - docs/models/chatstreamcompletioncreateparamsresponseformatpython.md
  - docs/models/chatstreamcompletioncreateparamsresponseformattext.md
  - docs/models/chatstreamcompletioncreateparamsresponseformatunion.md
  - docs/models/chatstreamcompletioncreateparamssort.md
  - docs/models/chatstreamcompletioncreateparamsstop.md
  - docs/models/chatstreamcompletioncreateparamsstreamoptions.md
  - docs/models/chatstreamcompletioncreateparamstypegrammar.md
  - docs/models/chatstreamcompletioncreateparamstypejsonobject.md
  - docs/models/chatstreamcompletioncreateparamstypejsonschema.md
  - docs/models/chatstreamcompletioncreateparamstypepython.md
  - docs/models/chatstreamcompletioncreateparamstypetext.md
  - docs/models/completiontokensdetails.md
  - docs/models/completionusage.md
  - docs/models/contentimageurl.md
  - docs/models/contenttext.md
  - docs/models/contenttypeimageurl.md
  - docs/models/contenttypetext.md
  - docs/models/detail.md
  - docs/models/errors/chatcompletionerror.md
  - docs/models/errort.md
  - docs/models/fileannotationdetail.md
  - docs/models/fileannotationdetailcontentunion.md
  - docs/models/fileannotationdetailimageurl.md
  - docs/models/filet.md
  - docs/models/inputaudio.md
  - docs/models/operations/streamchatcompletionresponsebody.md
  - docs/models/parameterst.md
  - docs/models/prompttokensdetails.md
  - docs/models/reasoningdetail.md
  - docs/models/reasoningdetailencrypted.md
  - docs/models/reasoningdetailencryptedformat.md
  - docs/models/reasoningdetailencryptedtype.md
  - docs/models/reasoningdetailsummary.md
  - docs/models/reasoningdetailsummaryformat.md
  - docs/models/reasoningdetailsummarytype.md
  - docs/models/reasoningdetailtext.md
  - docs/models/reasoningdetailtextformat.md
  - docs/models/reasoningdetailtexttype.md
  - docs/models/responseformatjsonschemaschema.md
  - docs/models/security.md
  - docs/models/toplogprob.md
  - docs/models/typefile.md
  - docs/models/urlcitation.md
  - docs/models/urlcitationannotationdetail.md
  - docs/models/urlcitationannotationdetailtype.md
  - docs/sdks/chat/README.md
  - docs/sdks/openrouter/README.md
  - eslint.config.mjs
  - examples/.env.template
  - examples/README.md
  - examples/chatCreateChatCompletion.example.ts
  - examples/package.json
  - jsr.json
  - package.json
  - src/core.ts
  - src/funcs/chatCreateChatCompletion.ts
  - src/funcs/chatStreamChatCompletion.ts
  - src/hooks/hooks.ts
  - src/hooks/index.ts
  - src/hooks/types.ts
  - src/index.ts
  - src/lib/base64.ts
  - src/lib/config.ts
  - src/lib/dlv.ts
  - src/lib/encodings.ts
  - src/lib/env.ts
  - src/lib/event-streams.ts
  - src/lib/files.ts
  - src/lib/http.ts
  - src/lib/is-plain-object.ts
  - src/lib/logger.ts
  - src/lib/matchers.ts
  - src/lib/primitives.ts
  - src/lib/retries.ts
  - src/lib/schemas.ts
  - src/lib/sdks.ts
  - src/lib/security.ts
  - src/lib/url.ts
  - src/models/annotationdetail.ts
  - src/models/chatcompletion.ts
  - src/models/chatcompletionassistantmessageparam.ts
  - src/models/chatcompletionchoice.ts
  - src/models/chatcompletionchunk.ts
  - src/models/chatcompletionchunkchoice.ts
  - src/models/chatcompletionchunkchoicedelta.ts
  - src/models/chatcompletionchunkchoicedeltatoolcall.ts
  - src/models/chatcompletioncontentpart.ts
  - src/models/chatcompletioncontentpartaudio.ts
  - src/models/chatcompletioncontentpartimage.ts
  - src/models/chatcompletioncontentparttext.ts
  - src/models/chatcompletioncreateparams.ts
  - src/models/chatcompletionerror.ts
  - src/models/chatcompletionmessage.ts
  - src/models/chatcompletionmessageparam.ts
  - src/models/chatcompletionmessagetoolcall.ts
  - src/models/chatcompletionnamedtoolchoice.ts
  - src/models/chatcompletionsystemmessageparam.ts
  - src/models/chatcompletiontokenlogprob.ts
  - src/models/chatcompletiontokenlogprobs.ts
  - src/models/chatcompletiontool.ts
  - src/models/chatcompletiontoolchoiceoption.ts
  - src/models/chatcompletiontoolmessageparam.ts
  - src/models/chatcompletionusermessageparam.ts
  - src/models/chatstreamcompletioncreateparams.ts
  - src/models/completionusage.ts
  - src/models/errors/chatcompletionerror.ts
  - src/models/errors/httpclienterrors.ts
  - src/models/errors/index.ts
  - src/models/errors/openrouterdefaulterror.ts
  - src/models/errors/openroutererror.ts
  - src/models/errors/responsevalidationerror.ts
  - src/models/errors/sdkvalidationerror.ts
  - src/models/fileannotationdetail.ts
  - src/models/index.ts
  - src/models/operations/index.ts
  - src/models/operations/streamchatcompletion.ts
  - src/models/reasoningdetail.ts
  - src/models/reasoningdetailencrypted.ts
  - src/models/reasoningdetailsummary.ts
  - src/models/reasoningdetailtext.ts
  - src/models/responseformatjsonschemaschema.ts
  - src/models/security.ts
  - src/models/urlcitationannotationdetail.ts
  - src/sdk/chat.ts
  - src/sdk/index.ts
  - src/sdk/sdk.ts
  - src/types/async.ts
  - src/types/blobs.ts
  - src/types/constdatetime.ts
  - src/types/enums.ts
  - src/types/fp.ts
  - src/types/index.ts
  - src/types/operations.ts
  - src/types/rfcdate.ts
  - src/types/streams.ts
  - tsconfig.json
examples:
  createChatCompletion:
    speakeasy-default-create-chat-completion:
      requestBody:
        application/json: {"messages": [{"role": "user", "content": "Hello, how are you?"}], "stream": false, "temperature": 1, "top_p": 1}
      responses:
        "200":
          application/json: {"id": "<id>", "choices": [], "created": 6977.95, "model": "El Camino", "object": "chat.completion"}
        "400":
          application/json: {"error": {"code": "<value>", "message": "<value>", "param": "<value>", "type": "<value>"}}
        "500":
          application/json: {"error": {"code": "<value>", "message": "<value>", "param": "<value>", "type": "<value>"}}
  streamChatCompletion:
    speakeasy-default-stream-chat-completion:
      requestBody:
        application/json: {"messages": [{"role": "user", "content": "Hello, how are you?"}], "stream": true, "temperature": 1, "top_p": 1}
      responses:
        "400":
          application/json: {"error": {"code": "<value>", "message": "<value>", "param": "<value>", "type": "<value>"}}
        "500":
          application/json: {"error": {"code": "<value>", "message": "<value>", "param": "<value>", "type": "<value>"}}
examplesVersion: 1.0.2
