speakeasyVersion: 1.787.0
sources:
    OpenRouter API:
        sourceNamespace: open-router-chat-completions-api
        sourceRevisionDigest: sha256:94119218e826d65f718b70995cbb3ce16b4ac41f2cd5f9843566ef724040c103
        sourceBlobDigest: sha256:b24149bc343f8c0305a7172eb4e603613c945802e7727bad0cd48bbda48d6f5b
        tags:
            - latest
            - 1.0.0
targets:
    openrouter:
        source: OpenRouter API
        sourceNamespace: open-router-chat-completions-api
        sourceRevisionDigest: sha256:94119218e826d65f718b70995cbb3ce16b4ac41f2cd5f9843566ef724040c103
        sourceBlobDigest: sha256:b24149bc343f8c0305a7172eb4e603613c945802e7727bad0cd48bbda48d6f5b
        codeSamplesNamespace: open-router-chat-completions-api-typescript-code-samples
        codeSamplesRevisionDigest: sha256:88861adf699f07669b5486a4259dca38b02fd117f084fd2f3385e9041d42200b
workflow:
    workflowVersion: 1.0.0
    speakeasyVersion: 1.787.0
    sources:
        OpenRouter API:
            inputs:
                - location: .speakeasy/in.openapi.yaml
            overlays:
                - location: .speakeasy/overlays/open-enums.overlay.yaml
                - location: .speakeasy/overlays/remove-rss-responses.overlay.yaml
                - location: .speakeasy/overlays/add-headers.overlay.yaml
                - location: .speakeasy/overlays/allof-simplify.overlay.yaml
                - location: .speakeasy/overlays/boolean-query-params.overlay.yaml
                - location: .speakeasy/overlays/nullable-model-fields.overlay.yaml
                - location: .speakeasy/overlays/deprecated-beta-responses-alias.overlay.yaml
            output: .speakeasy/out.openapi.yaml
            registry:
                location: registry.speakeasyapi.dev/openrouter/sdk/open-router-chat-completions-api
    targets:
        openrouter:
            target: typescript
            source: OpenRouter API
            publish:
                npm:
                    token: $npm_token
            codeSamples:
                registry:
                    location: registry.speakeasyapi.dev/openrouter/sdk/open-router-chat-completions-api-typescript-code-samples
                labelOverride:
                    fixedValue: Typescript (SDK)
                blocking: false
