speakeasyVersion: 1.761.0
sources:
    OpenRouter API:
        sourceNamespace: open-router-chat-completions-api
        sourceRevisionDigest: sha256:4c22ae526b2b0ef1600462ffd6d00167b80427a247fb72c39ef53c7d4b0868ee
        sourceBlobDigest: sha256:7c459d73a1aa5c24dc29b82df83c305b654d9ec1cb5d42695b944f8b3b9deee9
        tags:
            - latest
            - 1.0.0
targets:
    openrouter:
        source: OpenRouter API
        sourceNamespace: open-router-chat-completions-api
        sourceRevisionDigest: sha256:4c22ae526b2b0ef1600462ffd6d00167b80427a247fb72c39ef53c7d4b0868ee
        sourceBlobDigest: sha256:7c459d73a1aa5c24dc29b82df83c305b654d9ec1cb5d42695b944f8b3b9deee9
        codeSamplesNamespace: open-router-chat-completions-api-typescript-code-samples
        codeSamplesRevisionDigest: sha256:c84bb7d682835cbc45b4eba710941e8e166685fd0d5fdaa1f111b2a09b07c2f7
workflow:
    workflowVersion: 1.0.0
    speakeasyVersion: 1.761.0
    sources:
        OpenRouter API:
            inputs:
                - location: .speakeasy/in.openapi.yaml
            overlays:
                - location: .speakeasy/overlays/open-enums.overlay.yaml
                - location: .speakeasy/overlays/remove-rss-responses.overlay.yaml
                - location: .speakeasy/overlays/add-headers.overlay.yaml
                - location: .speakeasy/overlays/allof-simplify.overlay.yaml
                - location: .speakeasy/overlays/boolean-query-params.overlay.yaml
                - location: .speakeasy/overlays/nullable-model-fields.overlay.yaml
            output: .speakeasy/out.openapi.yaml
            registry:
                location: registry.speakeasyapi.dev/openrouter/sdk/open-router-chat-completions-api
    targets:
        openrouter:
            target: typescript
            source: OpenRouter API
            publish:
                npm:
                    token: $npm_token
            codeSamples:
                registry:
                    location: registry.speakeasyapi.dev/openrouter/sdk/open-router-chat-completions-api-typescript-code-samples
                labelOverride:
                    fixedValue: Typescript (SDK)
                blocking: false
