speakeasyVersion: 1.787.0
sources:
    OpenRouter API:
        sourceNamespace: open-router-chat-completions-api
        sourceRevisionDigest: sha256:9f7ddeb0022f5b427a966a793b3abddfa5965842a39eb9a03fc3f45e5412e3a8
        sourceBlobDigest: sha256:c76cfaa783718d110c25abe72ae06da75c4c7d44a8bc102572fc0cb92edf3bab
        tags:
            - latest
            - 1.0.0
targets:
    openrouter:
        source: OpenRouter API
        sourceNamespace: open-router-chat-completions-api
        sourceRevisionDigest: sha256:9f7ddeb0022f5b427a966a793b3abddfa5965842a39eb9a03fc3f45e5412e3a8
        sourceBlobDigest: sha256:c76cfaa783718d110c25abe72ae06da75c4c7d44a8bc102572fc0cb92edf3bab
        codeSamplesNamespace: open-router-chat-completions-api-typescript-code-samples
        codeSamplesRevisionDigest: sha256:151e23abe9028889c6f63c0efa44962901fc8279af81c2a103e3cb028aabe094
workflow:
    workflowVersion: 1.0.0
    speakeasyVersion: 1.787.0
    sources:
        OpenRouter API:
            inputs:
                - location: .speakeasy/in.openapi.yaml
            overlays:
                - location: .speakeasy/overlays/open-enums.overlay.yaml
                - location: .speakeasy/overlays/remove-rss-responses.overlay.yaml
                - location: .speakeasy/overlays/add-headers.overlay.yaml
                - location: .speakeasy/overlays/allof-simplify.overlay.yaml
                - location: .speakeasy/overlays/boolean-query-params.overlay.yaml
                - location: .speakeasy/overlays/nullable-model-fields.overlay.yaml
                - location: .speakeasy/overlays/deprecated-beta-responses-alias.overlay.yaml
            output: .speakeasy/out.openapi.yaml
            registry:
                location: registry.speakeasyapi.dev/openrouter/sdk/open-router-chat-completions-api
    targets:
        openrouter:
            target: typescript
            source: OpenRouter API
            publish:
                npm:
                    token: $npm_token
            codeSamples:
                registry:
                    location: registry.speakeasyapi.dev/openrouter/sdk/open-router-chat-completions-api-typescript-code-samples
                labelOverride:
                    fixedValue: Typescript (SDK)
                blocking: false
